{
  "nodes": {
    "helium": {
      "inputs": {
        "nixpkgs": [
          "nixpkgs"
        ]
      },
      "locked": {
        "lastModified": 1788608369,
        "narHash": "sha256-XYH8Yy/dayBhmfSkpd70sq5vZMo3OGPTzWq432HKoJo=",
        "owner": "oxcl",
        "repo": "nix-flake-helium-browser",
        "rev": "6e30efa9db0559dd987322f2503cce2f451005ae",
        "type": "github"
      },
      "original": {
        "owner": "oxcl",
        "repo": "nix-flake-helium-browser",
        "type": "github"
      }
    },
    "nixpkgs": {
      "locked": {
        "lastModified": 1788807765,
        "narHash": "sha256-J9oC0bKnkXUrMegqRTXVkyDFJ0gn2U/Qpoo9HgGMQmA=",
        "owner": "NixOS",
        "repo": "nixpkgs",
        "rev": "93108a538f079596c9a16c72cf03e9322782b6dd",
        "type": "github"
      },
      "original": {
        "owner": "NixOS",
        "ref": "nixos-26.05",
        "repo": "nixpkgs",
        "type": "github"
      }
    },
    "noctalia": {
      "inputs": {
        "nixpkgs": [
          "nixpkgs"
        ]
      },
      "locked": {
        "lastModified": 1788886125,
        "narHash": "sha256-5rgQFUGr8GXYyyuy8ynrN39WfZzSiO/wqGWjELBOkEY=",
        "owner": "noctalia-dev",
        "repo": "noctalia",
        "rev": "d6607b4eafbb92f6d494ebed3e296d4b741c0b58",
        "type": "github"
      },
      "original": {
        "owner": "noctalia-dev",
        "repo": "noctalia",
        "type": "github"
      }
    },
    "root": {
      "inputs": {
        "helium": "helium",
        "nixpkgs": "nixpkgs",
        "noctalia": "noctalia"
      }
    }
  },
  "root": "root",
  "version": 7
}
